
Microsoft Visual Studio Solution File, Format Version 12.00
# Visual Studio 15
VisualStudioVersion = 15.0.27004.2006
MinimumVisualStudioVersion = 10.0.40219.1
Project("{FAE04EC0-301F-11D3-BF4B-00C04F79EFBC}") = "ShopV02", "ShopV0.2\ShopV02.csproj", "{EF00D511-3D69-4486-B20F-1B1213247087}"
EndProject
Global
	GlobalSection(SolutionConfigurationPlatforms) = preSolution
		Debug|Any CPU = Debug|Any CPU
		Release|Any CPU = Release|Any CPU
	EndGlobalSection
	GlobalSection(ProjectConfigurationPlatforms) = postSolution
		{EF00D511-3D69-4486-B20F-1B1213247087}.Debug|Any CPU.ActiveCfg = Debug|Any CPU
		{EF00D511-3D69-4486-B20F-1B1213247087}.Debug|Any CPU.Build.0 = Debug|Any CPU
		{EF00D511-3D69-4486-B20F-1B1213247087}.Release|Any CPU.ActiveCfg = Release|Any CPU
		{EF00D511-3D69-4486-B20F-1B1213247087}.Release|Any CPU.Build.0 = Release|Any CPU
	EndGlobalSection
	GlobalSection(SolutionProperties) = preSolution
		HideSolutionNode = FALSE
	EndGlobalSection
	GlobalSection(ExtensibilityGlobals) = postSolution
		SolutionGuid = {862DF6BA-1C4F-47C8-945C-D313D8FB72E7}
	EndGlobalSection
EndGlobal
